
Microsoft Visual Studio Solution File, Format Version 12.00
# Visual Studio Version 17
VisualStudioVersion = 17.0.31903.59
MinimumVisualStudioVersion = 10.0.40219.1
Project("{FAE04EC0-301F-11D3-BF4B-00C04F79EFBC}") = "DmitryAndDemid", "DmitryAndDemid.csproj", "{1FC91CC5-3819-4ED2-BE40-7015A1342273}"
EndProject
Project("{2150E333-8FDC-42A3-9474-1A3956D46DE8}") = "Launcher", "Launcher", "{740C5202-8AD2-6D86-0CA9-F95B1A2D697C}"
EndProject
Project("{FAE04EC0-301F-11D3-BF4B-00C04F79EFBC}") = "DmitryAndDemid.Launcher", "Launcher\DmitryAndDemid.Launcher.csproj", "{89E3920B-545F-456D-9231-EBAEC43BA2BF}"
EndProject
Project("{2150E333-8FDC-42A3-9474-1A3956D46DE8}") = "Tests", "Tests", "{0AB3BF05-4346-4AA6-1389-037BE0695223}"
EndProject
Project("{FAE04EC0-301F-11D3-BF4B-00C04F79EFBC}") = "DmitryAndDemid.Tests", "Tests\DmitryAndDemid.Tests.csproj", "{3D3FDF78-0DD9-4F70-B1F2-2168EDA8C33D}"
EndProject
Global
	GlobalSection(SolutionConfigurationPlatforms) = preSolution
		Debug|Any CPU = Debug|Any CPU
		Debug|x64 = Debug|x64
		Debug|x86 = Debug|x86
		Release|Any CPU = Release|Any CPU
		Release|x64 = Release|x64
		Release|x86 = Release|x86
	EndGlobalSection
	GlobalSection(ProjectConfigurationPlatforms) = postSolution
		{1FC91CC5-3819-4ED2-BE40-7015A1342273}.Debug|Any CPU.ActiveCfg = Debug|Any CPU
		{1FC91CC5-3819-4ED2-BE40-7015A1342273}.Debug|Any CPU.Build.0 = Debug|Any CPU
		{1FC91CC5-3819-4ED2-BE40-7015A1342273}.Debug|x64.ActiveCfg = Debug|Any CPU
		{1FC91CC5-3819-4ED2-BE40-7015A1342273}.Debug|x64.Build.0 = Debug|Any CPU
		{1FC91CC5-3819-4ED2-BE40-7015A1342273}.Debug|x86.ActiveCfg = Debug|Any CPU
		{1FC91CC5-3819-4ED2-BE40-7015A1342273}.Debug|x86.Build.0 = Debug|Any CPU
		{1FC91CC5-3819-4ED2-BE40-7015A1342273}.Release|Any CPU.ActiveCfg = Release|Any CPU
		{1FC91CC5-3819-4ED2-BE40-7015A1342273}.Release|Any CPU.Build.0 = Release|Any CPU
		{1FC91CC5-3819-4ED2-BE40-7015A1342273}.Release|x64.ActiveCfg = Release|Any CPU
		{1FC91CC5-3819-4ED2-BE40-7015A1342273}.Release|x64.Build.0 = Release|Any CPU
		{1FC91CC5-3819-4ED2-BE40-7015A1342273}.Release|x86.ActiveCfg = Release|Any CPU
		{1FC91CC5-3819-4ED2-BE40-7015A1342273}.Release|x86.Build.0 = Release|Any CPU
		{89E3920B-545F-456D-9231-EBAEC43BA2BF}.Debug|Any CPU.ActiveCfg = Debug|Any CPU
		{89E3920B-545F-456D-9231-EBAEC43BA2BF}.Debug|Any CPU.Build.0 = Debug|Any CPU
		{89E3920B-545F-456D-9231-EBAEC43BA2BF}.Debug|x64.ActiveCfg = Debug|Any CPU
		{89E3920B-545F-456D-9231-EBAEC43BA2BF}.Debug|x64.Build.0 = Debug|Any CPU
		{89E3920B-545F-456D-9231-EBAEC43BA2BF}.Debug|x86.ActiveCfg = Debug|Any CPU
		{89E3920B-545F-456D-9231-EBAEC43BA2BF}.Debug|x86.Build.0 = Debug|Any CPU
		{89E3920B-545F-456D-9231-EBAEC43BA2BF}.Release|Any CPU.ActiveCfg = Release|Any CPU
		{89E3920B-545F-456D-9231-EBAEC43BA2BF}.Release|Any CPU.Build.0 = Release|Any CPU
		{89E3920B-545F-456D-9231-EBAEC43BA2BF}.Release|x64.ActiveCfg = Release|Any CPU
		{89E3920B-545F-456D-9231-EBAEC43BA2BF}.Release|x64.Build.0 = Release|Any CPU
		{89E3920B-545F-456D-9231-EBAEC43BA2BF}.Release|x86.ActiveCfg = Release|Any CPU
		{89E3920B-545F-456D-9231-EBAEC43BA2BF}.Release|x86.Build.0 = Release|Any CPU
		{3D3FDF78-0DD9-4F70-B1F2-2168EDA8C33D}.Debug|Any CPU.ActiveCfg = Debug|Any CPU
		{3D3FDF78-0DD9-4F70-B1F2-2168EDA8C33D}.Debug|Any CPU.Build.0 = Debug|Any CPU
		{3D3FDF78-0DD9-4F70-B1F2-2168EDA8C33D}.Debug|x64.ActiveCfg = Debug|Any CPU
		{3D3FDF78-0DD9-4F70-B1F2-2168EDA8C33D}.Debug|x64.Build.0 = Debug|Any CPU
		{3D3FDF78-0DD9-4F70-B1F2-2168EDA8C33D}.Debug|x86.ActiveCfg = Debug|Any CPU
		{3D3FDF78-0DD9-4F70-B1F2-2168EDA8C33D}.Debug|x86.Build.0 = Debug|Any CPU
		{3D3FDF78-0DD9-4F70-B1F2-2168EDA8C33D}.Release|Any CPU.ActiveCfg = Release|Any CPU
		{3D3FDF78-0DD9-4F70-B1F2-2168EDA8C33D}.Release|Any CPU.Build.0 = Release|Any CPU
		{3D3FDF78-0DD9-4F70-B1F2-2168EDA8C33D}.Release|x64.ActiveCfg = Release|Any CPU
		{3D3FDF78-0DD9-4F70-B1F2-2168EDA8C33D}.Release|x64.Build.0 = Release|Any CPU
		{3D3FDF78-0DD9-4F70-B1F2-2168EDA8C33D}.Release|x86.ActiveCfg = Release|Any CPU
		{3D3FDF78-0DD9-4F70-B1F2-2168EDA8C33D}.Release|x86.Build.0 = Release|Any CPU
	EndGlobalSection
	GlobalSection(SolutionProperties) = preSolution
		HideSolutionNode = FALSE
	EndGlobalSection
	GlobalSection(NestedProjects) = preSolution
		{89E3920B-545F-456D-9231-EBAEC43BA2BF} = {740C5202-8AD2-6D86-0CA9-F95B1A2D697C}
		{3D3FDF78-0DD9-4F70-B1F2-2168EDA8C33D} = {0AB3BF05-4346-4AA6-1389-037BE0695223}
	EndGlobalSection
EndGlobal
